
Microsoft Visual Studio Solution File, Format Version 12.00
# Visual Studio Version 16
VisualStudioVersion = 16.0.31105.61
MinimumVisualStudioVersion = 10.0.40219.1
Project("{5F2785F3-10BC-4947-8DA7-D85DA2678AF6}") = "TShockFastDeploy", "TShockFastDeploy\TShockFastDeploy.csproj", "{BF3D7C1C-727C-4294-A314-7071D8CEDB11}"
EndProject
Global
	GlobalSection(SolutionConfigurationPlatforms) = preSolution
		Debug|Any CPU = Debug|Any CPU
		Release|Any CPU = Release|Any CPU
	EndGlobalSection
	GlobalSection(ProjectConfigurationPlatforms) = postSolution
		{BF3D7C1C-727C-4294-A314-7071D8CEDB11}.Debug|Any CPU.ActiveCfg = Debug|Any CPU
		{BF3D7C1C-727C-4294-A314-7071D8CEDB11}.Debug|Any CPU.Build.0 = Debug|Any CPU
		{BF3D7C1C-727C-4294-A314-7071D8CEDB11}.Release|Any CPU.ActiveCfg = Release|Any CPU
		{BF3D7C1C-727C-4294-A314-7071D8CEDB11}.Release|Any CPU.Build.0 = Release|Any CPU
	EndGlobalSection
	GlobalSection(SolutionProperties) = preSolution
		HideSolutionNode = FALSE
	EndGlobalSection
	GlobalSection(ExtensibilityGlobals) = postSolution
		SolutionGuid = {40145C17-4B12-4C3C-8A9B-526E0D83E1AA}
	EndGlobalSection
EndGlobal
