
Microsoft Visual Studio Solution File, Format Version 12.00
# Visual Studio Version 16
VisualStudioVersion = 16.0.31105.61
MinimumVisualStudioVersion = 10.0.40219.1
Project("{12A8118C-8080-4406-9ECE-DD3C4DDDE181}") = "TShockFastDeploy", "TShockFastDeploy\TShockFastDeploy.csproj", "{1A93568B-481A-40FF-BBC2-006BC650E9B6}"
EndProject
Global
	GlobalSection(SolutionConfigurationPlatforms) = preSolution
		Debug|Any CPU = Debug|Any CPU
		Release|Any CPU = Release|Any CPU
	EndGlobalSection
	GlobalSection(ProjectConfigurationPlatforms) = postSolution
		{1A93568B-481A-40FF-BBC2-006BC650E9B6}.Debug|Any CPU.ActiveCfg = Debug|Any CPU
		{1A93568B-481A-40FF-BBC2-006BC650E9B6}.Debug|Any CPU.Build.0 = Debug|Any CPU
		{1A93568B-481A-40FF-BBC2-006BC650E9B6}.Release|Any CPU.ActiveCfg = Release|Any CPU
		{1A93568B-481A-40FF-BBC2-006BC650E9B6}.Release|Any CPU.Build.0 = Release|Any CPU
	EndGlobalSection
	GlobalSection(SolutionProperties) = preSolution
		HideSolutionNode = FALSE
	EndGlobalSection
	GlobalSection(ExtensibilityGlobals) = postSolution
		SolutionGuid = {921C18B2-9B04-46B3-B682-3F08250DCBE8}
	EndGlobalSection
EndGlobal
